
Microsoft Visual Studio Solution File, Format Version 12.00
# Visual Studio 14
VisualStudioVersion = 14.0.24720.0
MinimumVisualStudioVersion = 10.0.40219.1
Project("{FAE04EC0-301F-11D3-BF4B-00C04F79EFBC}") = "CursoWebApi", "CursoWebApi\CursoWebApi.csproj", "{EB40C75E-6837-4CDA-B9CF-747788968305}"
EndProject
Project("{FAE04EC0-301F-11D3-BF4B-00C04F79EFBC}") = "CursoWebApi.Tests", "CursoWebApi.Tests\CursoWebApi.Tests.csproj", "{9FFAE47A-1CF6-491C-98B4-80874352413E}"
EndProject
Project("{FAE04EC0-301F-11D3-BF4B-00C04F79EFBC}") = "CursoWebApi.Antifraude", "CursoWebApi.Antifraude\CursoWebApi.Antifraude.csproj", "{B7483DEB-C8B7-469F-84F0-E917DEF569E8}"
EndProject
Global
	GlobalSection(SolutionConfigurationPlatforms) = preSolution
		Debug|Any CPU = Debug|Any CPU
		Release|Any CPU = Release|Any CPU
	EndGlobalSection
	GlobalSection(ProjectConfigurationPlatforms) = postSolution
		{EB40C75E-6837-4CDA-B9CF-747788968305}.Debug|Any CPU.ActiveCfg = Debug|Any CPU
		{EB40C75E-6837-4CDA-B9CF-747788968305}.Debug|Any CPU.Build.0 = Debug|Any CPU
		{EB40C75E-6837-4CDA-B9CF-747788968305}.Release|Any CPU.ActiveCfg = Release|Any CPU
		{EB40C75E-6837-4CDA-B9CF-747788968305}.Release|Any CPU.Build.0 = Release|Any CPU
		{9FFAE47A-1CF6-491C-98B4-80874352413E}.Debug|Any CPU.ActiveCfg = Debug|Any CPU
		{9FFAE47A-1CF6-491C-98B4-80874352413E}.Debug|Any CPU.Build.0 = Debug|Any CPU
		{9FFAE47A-1CF6-491C-98B4-80874352413E}.Release|Any CPU.ActiveCfg = Release|Any CPU
		{9FFAE47A-1CF6-491C-98B4-80874352413E}.Release|Any CPU.Build.0 = Release|Any CPU
		{B7483DEB-C8B7-469F-84F0-E917DEF569E8}.Debug|Any CPU.ActiveCfg = Debug|Any CPU
		{B7483DEB-C8B7-469F-84F0-E917DEF569E8}.Debug|Any CPU.Build.0 = Debug|Any CPU
		{B7483DEB-C8B7-469F-84F0-E917DEF569E8}.Release|Any CPU.ActiveCfg = Release|Any CPU
		{B7483DEB-C8B7-469F-84F0-E917DEF569E8}.Release|Any CPU.Build.0 = Release|Any CPU
	EndGlobalSection
	GlobalSection(SolutionProperties) = preSolution
		HideSolutionNode = FALSE
	EndGlobalSection
EndGlobal
